
Microsoft Visual Studio Solution File, Format Version 12.00
# Visual Studio Version 16
VisualStudioVersion = 16.0.30717.126
MinimumVisualStudioVersion = 10.0.40219.1
Project("{8BC9CEB8-8B4A-11D0-8D11-00A0C91BC942}") = "5.1E", "5.1E\5.1E.vcxproj", "{647B935C-B513-47D0-848C-67768472835D}"
EndProject
Project("{8BC9CEB8-8B4A-11D0-8D11-00A0C91BC942}") = "UnitTest5.1E", "UnitTest5.1E\UnitTest5.1E.vcxproj", "{B31474DB-84A9-4D85-A45E-4CDFB49071D7}"
EndProject
Global
	GlobalSection(SolutionConfigurationPlatforms) = preSolution
		Debug|x64 = Debug|x64
		Debug|x86 = Debug|x86
		Release|x64 = Release|x64
		Release|x86 = Release|x86
	EndGlobalSection
	GlobalSection(ProjectConfigurationPlatforms) = postSolution
		{647B935C-B513-47D0-848C-67768472835D}.Debug|x64.ActiveCfg = Debug|x64
		{647B935C-B513-47D0-848C-67768472835D}.Debug|x64.Build.0 = Debug|x64
		{647B935C-B513-47D0-848C-67768472835D}.Debug|x86.ActiveCfg = Debug|Win32
		{647B935C-B513-47D0-848C-67768472835D}.Debug|x86.Build.0 = Debug|Win32
		{647B935C-B513-47D0-848C-67768472835D}.Release|x64.ActiveCfg = Release|x64
		{647B935C-B513-47D0-848C-67768472835D}.Release|x64.Build.0 = Release|x64
		{647B935C-B513-47D0-848C-67768472835D}.Release|x86.ActiveCfg = Release|Win32
		{647B935C-B513-47D0-848C-67768472835D}.Release|x86.Build.0 = Release|Win32
		{B31474DB-84A9-4D85-A45E-4CDFB49071D7}.Debug|x64.ActiveCfg = Debug|x64
		{B31474DB-84A9-4D85-A45E-4CDFB49071D7}.Debug|x64.Build.0 = Debug|x64
		{B31474DB-84A9-4D85-A45E-4CDFB49071D7}.Debug|x86.ActiveCfg = Debug|Win32
		{B31474DB-84A9-4D85-A45E-4CDFB49071D7}.Debug|x86.Build.0 = Debug|Win32
		{B31474DB-84A9-4D85-A45E-4CDFB49071D7}.Release|x64.ActiveCfg = Release|x64
		{B31474DB-84A9-4D85-A45E-4CDFB49071D7}.Release|x64.Build.0 = Release|x64
		{B31474DB-84A9-4D85-A45E-4CDFB49071D7}.Release|x86.ActiveCfg = Release|Win32
		{B31474DB-84A9-4D85-A45E-4CDFB49071D7}.Release|x86.Build.0 = Release|Win32
	EndGlobalSection
	GlobalSection(SolutionProperties) = preSolution
		HideSolutionNode = FALSE
	EndGlobalSection
	GlobalSection(ExtensibilityGlobals) = postSolution
		SolutionGuid = {42648DB4-57C2-479F-AC83-BBC629A8A4B5}
	EndGlobalSection
EndGlobal
