
Microsoft Visual Studio Solution File, Format Version 12.00
# Visual Studio Version 16
VisualStudioVersion = 16.0.30717.126
MinimumVisualStudioVersion = 10.0.40219.1
Project("{8BC9CEB8-8B4A-11D0-8D11-00A0C91BC942}") = "5.1G", "5.1G\5.1G.vcxproj", "{C6F42AE2-951B-47A9-87C0-42F9AF0CDDBF}"
EndProject
Project("{8BC9CEB8-8B4A-11D0-8D11-00A0C91BC942}") = "UnitTest5.1G", "UnitTest5.1G\UnitTest5.1G.vcxproj", "{EAA2CD39-D9CA-474A-ADA4-6C15FBBE8061}"
EndProject
Global
	GlobalSection(SolutionConfigurationPlatforms) = preSolution
		Debug|x64 = Debug|x64
		Debug|x86 = Debug|x86
		Release|x64 = Release|x64
		Release|x86 = Release|x86
	EndGlobalSection
	GlobalSection(ProjectConfigurationPlatforms) = postSolution
		{C6F42AE2-951B-47A9-87C0-42F9AF0CDDBF}.Debug|x64.ActiveCfg = Debug|x64
		{C6F42AE2-951B-47A9-87C0-42F9AF0CDDBF}.Debug|x64.Build.0 = Debug|x64
		{C6F42AE2-951B-47A9-87C0-42F9AF0CDDBF}.Debug|x86.ActiveCfg = Debug|Win32
		{C6F42AE2-951B-47A9-87C0-42F9AF0CDDBF}.Debug|x86.Build.0 = Debug|Win32
		{C6F42AE2-951B-47A9-87C0-42F9AF0CDDBF}.Release|x64.ActiveCfg = Release|x64
		{C6F42AE2-951B-47A9-87C0-42F9AF0CDDBF}.Release|x64.Build.0 = Release|x64
		{C6F42AE2-951B-47A9-87C0-42F9AF0CDDBF}.Release|x86.ActiveCfg = Release|Win32
		{C6F42AE2-951B-47A9-87C0-42F9AF0CDDBF}.Release|x86.Build.0 = Release|Win32
		{EAA2CD39-D9CA-474A-ADA4-6C15FBBE8061}.Debug|x64.ActiveCfg = Debug|x64
		{EAA2CD39-D9CA-474A-ADA4-6C15FBBE8061}.Debug|x64.Build.0 = Debug|x64
		{EAA2CD39-D9CA-474A-ADA4-6C15FBBE8061}.Debug|x86.ActiveCfg = Debug|Win32
		{EAA2CD39-D9CA-474A-ADA4-6C15FBBE8061}.Debug|x86.Build.0 = Debug|Win32
		{EAA2CD39-D9CA-474A-ADA4-6C15FBBE8061}.Release|x64.ActiveCfg = Release|x64
		{EAA2CD39-D9CA-474A-ADA4-6C15FBBE8061}.Release|x64.Build.0 = Release|x64
		{EAA2CD39-D9CA-474A-ADA4-6C15FBBE8061}.Release|x86.ActiveCfg = Release|Win32
		{EAA2CD39-D9CA-474A-ADA4-6C15FBBE8061}.Release|x86.Build.0 = Release|Win32
	EndGlobalSection
	GlobalSection(SolutionProperties) = preSolution
		HideSolutionNode = FALSE
	EndGlobalSection
	GlobalSection(ExtensibilityGlobals) = postSolution
		SolutionGuid = {3F37150C-4EC1-4673-B3CD-5C35025A2CDA}
	EndGlobalSection
EndGlobal
